
Microsoft Visual Studio Solution File, Format Version 10.00
# Visual C++ Express 2008
Project("{8BC9CEB8-8B4A-11D0-8D11-00A0C91BC942}") = "nightfall", "nightfall.vcproj", "{01573524-1ADB-4705-80A0-B9C302E3B5A8}"
EndProject
Global
	GlobalSection(SolutionConfigurationPlatforms) = preSolution
		Debug|Win32 = Debug|Win32
		Release|Win32 = Release|Win32
	EndGlobalSection
	GlobalSection(ProjectConfigurationPlatforms) = postSolution
		{01573524-1ADB-4705-80A0-B9C302E3B5A8}.Debug|Win32.ActiveCfg = Debug|Win32
		{01573524-1ADB-4705-80A0-B9C302E3B5A8}.Debug|Win32.Build.0 = Debug|Win32
		{01573524-1ADB-4705-80A0-B9C302E3B5A8}.Release|Win32.ActiveCfg = Release|Win32
		{01573524-1ADB-4705-80A0-B9C302E3B5A8}.Release|Win32.Build.0 = Release|Win32
	EndGlobalSection
	GlobalSection(SolutionProperties) = preSolution
		HideSolutionNode = FALSE
	EndGlobalSection
EndGlobal
